
Microsoft Visual Studio Solution File, Format Version 12.00
# Visual Studio Version 17
VisualStudioVersion = 17.0.31423.177
MinimumVisualStudioVersion = 10.0.40219.1
Project("{FAE04EC0-301F-11D3-BF4B-00C04F79EFBC}") = "express-messenger", "express-messenger.csproj", "{373C5474-FA53-4BF1-9334-21349D1D3F89}"
EndProject
Global
	GlobalSection(SolutionConfigurationPlatforms) = preSolution
		Debug|Any CPU = Debug|Any CPU
		Release|Any CPU = Release|Any CPU
	EndGlobalSection
	GlobalSection(ProjectConfigurationPlatforms) = postSolution
		{373C5474-FA53-4BF1-9334-21349D1D3F89}.Debug|Any CPU.ActiveCfg = Debug|Any CPU
		{373C5474-FA53-4BF1-9334-21349D1D3F89}.Debug|Any CPU.Build.0 = Debug|Any CPU
		{373C5474-FA53-4BF1-9334-21349D1D3F89}.Release|Any CPU.ActiveCfg = Release|Any CPU
		{373C5474-FA53-4BF1-9334-21349D1D3F89}.Release|Any CPU.Build.0 = Release|Any CPU
	EndGlobalSection
	GlobalSection(SolutionProperties) = preSolution
		HideSolutionNode = FALSE
	EndGlobalSection
	GlobalSection(ExtensibilityGlobals) = postSolution
		SolutionGuid = {8DEA32A0-E7C4-4069-92CB-BAF1F9E331A3}
	EndGlobalSection
EndGlobal
